
Microsoft Visual Studio Solution File, Format Version 12.00
# Visual Studio Version 17
VisualStudioVersion = 17.4.33110.190
MinimumVisualStudioVersion = 10.0.40219.1
Project("{FAE04EC0-301F-11D3-BF4B-00C04F79EFBC}") = "Server", "Server\Server.csproj", "{811F4B50-16C7-446E-AEB1-67DCFFD47CEB}"
EndProject
Global
	GlobalSection(SolutionConfigurationPlatforms) = preSolution
		Debug|Any CPU = Debug|Any CPU
		Release|Any CPU = Release|Any CPU
	EndGlobalSection
	GlobalSection(ProjectConfigurationPlatforms) = postSolution
		{811F4B50-16C7-446E-AEB1-67DCFFD47CEB}.Debug|Any CPU.ActiveCfg = Debug|Any CPU
		{811F4B50-16C7-446E-AEB1-67DCFFD47CEB}.Debug|Any CPU.Build.0 = Debug|Any CPU
		{811F4B50-16C7-446E-AEB1-67DCFFD47CEB}.Release|Any CPU.ActiveCfg = Release|Any CPU
		{811F4B50-16C7-446E-AEB1-67DCFFD47CEB}.Release|Any CPU.Build.0 = Release|Any CPU
	EndGlobalSection
	GlobalSection(SolutionProperties) = preSolution
		HideSolutionNode = FALSE
	EndGlobalSection
	GlobalSection(ExtensibilityGlobals) = postSolution
		SolutionGuid = {33EA70A2-D25D-42E8-9D9C-A77A746C3BD0}
	EndGlobalSection
EndGlobal
